PODS:
  - another_flushbar (0.0.1):
    - Flutter
  - Flutter (1.0.0)

DEPENDENCIES:
  - another_flushbar (from `.symlinks/plugins/another_flushbar/ios`)
  - Flutter (from `Flutter`)

EXTERNAL SOURCES:
  another_flushbar:
    :path: ".symlinks/plugins/another_flushbar/ios"
  Flutter:
    :path: Flutter

SPEC CHECKSUMS:
  another_flushbar: 3bb0a50768cc547ba9dd82cbb92129bf5ca7440c
  Flutter: 434fef37c0980e73bb6479ef766c45957d4b510c

PODFILE CHECKSUM: aafe91acc616949ddb318b77800a7f51bffa2a4c

COCOAPODS: 1.10.0
